<?xml version="1.0" encoding="utf-8"?>
<Project ToolsVersion="4.0" xmlns="http://schemas.microsoft.com/developer/msbuild/2003">
  <ItemGroup>
    <Filter Include="Source Files">
      <UniqueIdentifier>{4FC737F1-C7A5-4376-A066-2A32D752A2FF}</UniqueIdentifier>
      <Extensions>cpp;c;cc;cxx;c++;cppm;ixx;def;odl;idl;hpj;bat;asm;asmx</Extensions>
    </Filter>
    <Filter Include="Header Files">
      <UniqueIdentifier>{93995380-89BD-4b04-88EB-625FBE52EBFB}</UniqueIdentifier>
      <Extensions>h;hh;hpp;hxx;h++;hm;inl;inc;ipp;xsd</Extensions>
    </Filter>
    <Filter Include="Resource Files">
      <UniqueIdentifier>{67DA6AB6-F800-4c08-8B7A-83BB121AAD01}</UniqueIdentifier>
      <Extensions>rc;ico;cur;bmp;dlg;rc2;rct;bin;rgs;gif;jpg;jpeg;jpe;resx;tiff;tif;png;wav;mfcribbon-ms</Extensions>
    </Filter>
    <Filter Include="Shaders">
      <UniqueIdentifier>{f4469f1f-1469-4d49-83cf-6446603312f2}</UniqueIdentifier>
    </Filter>
  </ItemGroup>
  <ItemGroup>
    <ClCompile Include="main.cpp">
      <Filter>Source Files</Filter>
    </ClCompile>
    <ClCompile Include="lea_engine_device.cpp">
      <Filter>Source Files</Filter>
    </ClCompile>
    <ClCompile Include="lea_window.cpp">
      <Filter>Source Files</Filter>
    </ClCompile>
    <ClCompile Include="app.cpp">
      <Filter>Source Files</Filter>
    </ClCompile>
    <ClCompile Include="lea_timer.cpp">
      <Filter>Source Files</Filter>
    </ClCompile>
    <ClCompile Include="lea_engine_utils.hpp">
      <Filter>Header Files</Filter>
    </ClCompile>
    <ClCompile Include="box_app.cpp">
      <Filter>Source Files</Filter>
    </ClCompile>
    <ClCompile Include="DXHelper.cpp">
      <Filter>Source Files</Filter>
    </ClCompile>
    <ClCompile Include="terrain_app.cpp">
      <Filter>Source Files</Filter>
    </ClCompile>
    <ClCompile Include="lea_engine_utils.cpp">
      <Filter>Source Files</Filter>
    </ClCompile>
    <ClCompile Include="shapes_app.cpp">
      <Filter>Source Files</Filter>
    </ClCompile>
    <ClCompile Include="pyramide_app.cpp">
      <Filter>Source Files</Filter>
    </ClCompile>
    <ClCompile Include="skull_app.cpp">
      <Filter>Source Files</Filter>
    </ClCompile>
    <ClCompile Include="waves_app.cpp">
      <Filter>Source Files</Filter>
    </ClCompile>
    <ClCompile Include="waves.cpp">
      <Filter>Source Files</Filter>
    </ClCompile>
  </ItemGroup>
  <ItemGroup>
    <None Include="packages.config" />
    <None Include="light_helper.fxh">
      <Filter>Shaders</Filter>
    </None>
  </ItemGroup>
  <ItemGroup>
    <ClInclude Include="DXHelper.hpp">
      <Filter>Header Files</Filter>
    </ClInclude>
    <ClInclude Include="lea_engine_device.hpp">
      <Filter>Header Files</Filter>
    </ClInclude>
    <ClInclude Include="lea_window.hpp">
      <Filter>Header Files</Filter>
    </ClInclude>
    <ClInclude Include="app.hpp">
      <Filter>Header Files</Filter>
    </ClInclude>
    <ClInclude Include="lea_timer.hpp">
      <Filter>Header Files</Filter>
    </ClInclude>
    <ClInclude Include="box_app.hpp">
      <Filter>Header Files</Filter>
    </ClInclude>
    <ClInclude Include="terrain_app.hpp">
      <Filter>Header Files</Filter>
    </ClInclude>
    <ClInclude Include="shapes_app.hpp">
      <Filter>Header Files</Filter>
    </ClInclude>
    <ClInclude Include="pyramide_app.hpp">
      <Filter>Header Files</Filter>
    </ClInclude>
    <ClInclude Include="skull_app.hpp">
      <Filter>Header Files</Filter>
    </ClInclude>
    <ClInclude Include="waves_app.hpp">
      <Filter>Header Files</Filter>
    </ClInclude>
    <ClInclude Include="waves.hpp">
      <Filter>Header Files</Filter>
    </ClInclude>
  </ItemGroup>
  <ItemGroup>
    <FxCompile Include="simple_shader.fx">
      <Filter>Shaders</Filter>
    </FxCompile>
    <FxCompile Include="terrain_shader.fx">
      <Filter>Shaders</Filter>
    </FxCompile>
    <FxCompile Include="pyramide_shader.fx">
      <Filter>Shaders</Filter>
    </FxCompile>
    <FxCompile Include="simple_light.fx">
      <Filter>Shaders</Filter>
    </FxCompile>
    <FxCompile Include="box_light.fx">
      <Filter>Shaders</Filter>
    </FxCompile>
    <FxCompile Include="shapes_light.fx">
      <Filter>Shaders</Filter>
    </FxCompile>
    <FxCompile Include="box_text.fx">
      <Filter>Shaders</Filter>
    </FxCompile>
    <FxCompile Include="texture_helper.fxh">
      <Filter>Shaders</Filter>
    </FxCompile>
    <FxCompile Include="waves_textured.fx">
      <Filter>Shaders</Filter>
    </FxCompile>
    <FxCompile Include="shapes_light_tex.fx">
      <Filter>Shaders</Filter>
    </FxCompile>
    <FxCompile Include="waves_blended.fx">
      <Filter>Shaders</Filter>
    </FxCompile>
  </ItemGroup>
</Project>